
Microsoft Visual Studio Solution File, Format Version 10.00
# Visual Studio 2008
Project("{FAE04EC0-301F-11D3-BF4B-00C04F79EFBC}") = "HTML2ePub", "HTML2ePub.csproj", "{D6D03BB0-CE63-4B04-9726-3ECAAA42D7EF}"
EndProject
Global
	GlobalSection(SolutionConfigurationPlatforms) = preSolution
		Debug|Any CPU = Debug|Any CPU
		Release|Any CPU = Release|Any CPU
	EndGlobalSection
	GlobalSection(ProjectConfigurationPlatforms) = postSolution
		{D6D03BB0-CE63-4B04-9726-3ECAAA42D7EF}.Debug|Any CPU.ActiveCfg = Debug|Any CPU
		{D6D03BB0-CE63-4B04-9726-3ECAAA42D7EF}.Debug|Any CPU.Build.0 = Debug|Any CPU
		{D6D03BB0-CE63-4B04-9726-3ECAAA42D7EF}.Release|Any CPU.ActiveCfg = Release|Any CPU
		{D6D03BB0-CE63-4B04-9726-3ECAAA42D7EF}.Release|Any CPU.Build.0 = Release|Any CPU
	EndGlobalSection
	GlobalSection(SolutionProperties) = preSolution
		HideSolutionNode = FALSE
	EndGlobalSection
EndGlobal
